// !$*UTF8*$!
{
	archiveVersion = 1;
	classes = {
	};
	objectVersion = 56;
	objects = {

/* Begin PBXBuildFile section */
		785AE1602C2E857A00677CA0 /* LookinServer in Frameworks */ = {isa = PBXBuildFile; productRef = 785AE15F2C2E857A00677CA0 /* LookinServer */; };
		785AE1662C2E858A00677CA0 /* SnapKit in Frameworks */ = {isa = PBXBuildFile; productRef = 785AE1652C2E858A00677CA0 /* SnapKit */; };
		785AE16B2C2E85C200677CA0 /* Moya in Frameworks */ = {isa = PBXBuildFile; productRef = 785AE16A2C2E85C200677CA0 /* Moya */; };
		785AE16E2C2E85E800677CA0 /* Then in Frameworks */ = {isa = PBXBuildFile; productRef = 785AE16D2C2E85E800677CA0 /* Then */; };
		785AE1712C2E867600677CA0 /* KakaoSDK in Frameworks */ = {isa = PBXBuildFile; productRef = 785AE1702C2E867600677CA0 /* KakaoSDK */; };
		785AE1732C2E867600677CA0 /* KakaoSDKAuth in Frameworks */ = {isa = PBXBuildFile; productRef = 785AE1722C2E867600677CA0 /* KakaoSDKAuth */; };
		785AE1752C2E867600677CA0 /* KakaoSDKCert in Frameworks */ = {isa = PBXBuildFile; productRef = 785AE1742C2E867600677CA0 /* KakaoSDKCert */; };
		785AE1772C2E867600677CA0 /* KakaoSDKCertCore in Frameworks */ = {isa = PBXBuildFile; productRef = 785AE1762C2E867600677CA0 /* KakaoSDKCertCore */; };
		785AE1792C2E867600677CA0 /* KakaoSDKCommon in Frameworks */ = {isa = PBXBuildFile; productRef = 785AE1782C2E867600677CA0 /* KakaoSDKCommon */; };
		785AE17B2C2E867600677CA0 /* KakaoSDKFriend in Frameworks */ = {isa = PBXBuildFile; productRef = 785AE17A2C2E867600677CA0 /* KakaoSDKFriend */; };
		785AE17D2C2E867600677CA0 /* KakaoSDKFriendCore in Frameworks */ = {isa = PBXBuildFile; productRef = 785AE17C2C2E867600677CA0 /* KakaoSDKFriendCore */; };
		785AE17F2C2E867600677CA0 /* KakaoSDKNavi in Frameworks */ = {isa = PBXBuildFile; productRef = 785AE17E2C2E867600677CA0 /* KakaoSDKNavi */; };
		785AE1812C2E867600677CA0 /* KakaoSDKShare in Frameworks */ = {isa = PBXBuildFile; productRef = 785AE1802C2E867600677CA0 /* KakaoSDKShare */; };
		785AE1832C2E867600677CA0 /* KakaoSDKTalk in Frameworks */ = {isa = PBXBuildFile; productRef = 785AE1822C2E867600677CA0 /* KakaoSDKTalk */; };
		785AE1852C2E867600677CA0 /* KakaoSDKTemplate in Frameworks */ = {isa = PBXBuildFile; productRef = 785AE1842C2E867600677CA0 /* KakaoSDKTemplate */; };
		785AE1872C2E867600677CA0 /* KakaoSDKUser in Frameworks */ = {isa = PBXBuildFile; productRef = 785AE1862C2E867600677CA0 /* KakaoSDKUser */; };
		785AE18A2C2E878600677CA0 /* FirebaseAnalytics in Frameworks */ = {isa = PBXBuildFile; productRef = 785AE1892C2E878600677CA0 /* FirebaseAnalytics */; };
		785AE18C2C2E878600677CA0 /* FirebaseAnalyticsOnDeviceConversion in Frameworks */ = {isa = PBXBuildFile; productRef = 785AE18B2C2E878600677CA0 /* FirebaseAnalyticsOnDeviceConversion */; };
		785AE18E2C2E878600677CA0 /* FirebaseAnalyticsSwift in Frameworks */ = {isa = PBXBuildFile; productRef = 785AE18D2C2E878600677CA0 /* FirebaseAnalyticsSwift */; };
		785AE1902C2E878600677CA0 /* FirebaseAnalyticsWithoutAdIdSupport in Frameworks */ = {isa = PBXBuildFile; productRef = 785AE18F2C2E878600677CA0 /* FirebaseAnalyticsWithoutAdIdSupport */; };
		785AE1922C2E878600677CA0 /* FirebaseAppCheck in Frameworks */ = {isa = PBXBuildFile; productRef = 785AE1912C2E878600677CA0 /* FirebaseAppCheck */; };
		785AE1942C2E878600677CA0 /* FirebaseAppDistribution-Beta in Frameworks */ = {isa = PBXBuildFile; productRef = 785AE1932C2E878600677CA0 /* FirebaseAppDistribution-Beta */; };
		785AE1962C2E878600677CA0 /* FirebaseAuth in Frameworks */ = {isa = PBXBuildFile; productRef = 785AE1952C2E878600677CA0 /* FirebaseAuth */; };
		785AE1982C2E878600677CA0 /* FirebaseAuthCombine-Community in Frameworks */ = {isa = PBXBuildFile; productRef = 785AE1972C2E878600677CA0 /* FirebaseAuthCombine-Community */; };
		785AE19A2C2E878600677CA0 /* FirebaseCrashlytics in Frameworks */ = {isa = PBXBuildFile; productRef = 785AE1992C2E878600677CA0 /* FirebaseCrashlytics */; };
		785AE19C2C2E878600677CA0 /* FirebaseDatabase in Frameworks */ = {isa = PBXBuildFile; productRef = 785AE19B2C2E878600677CA0 /* FirebaseDatabase */; };
		785AE19E2C2E878600677CA0 /* FirebaseDatabaseSwift in Frameworks */ = {isa = PBXBuildFile; productRef = 785AE19D2C2E878600677CA0 /* FirebaseDatabaseSwift */; };
		785AE1A02C2E878600677CA0 /* FirebaseDynamicLinks in Frameworks */ = {isa = PBXBuildFile; productRef = 785AE19F2C2E878600677CA0 /* FirebaseDynamicLinks */; };
		785AE1A22C2E878600677CA0 /* FirebaseFirestore in Frameworks */ = {isa = PBXBuildFile; productRef = 785AE1A12C2E878600677CA0 /* FirebaseFirestore */; };
		785AE1A42C2E878600677CA0 /* FirebaseFirestoreCombine-Community in Frameworks */ = {isa = PBXBuildFile; productRef = 785AE1A32C2E878600677CA0 /* FirebaseFirestoreCombine-Community */; };
		785AE1A62C2E878600677CA0 /* FirebaseFirestoreSwift in Frameworks */ = {isa = PBXBuildFile; productRef = 785AE1A52C2E878600677CA0 /* FirebaseFirestoreSwift */; };
		785AE1A82C2E878600677CA0 /* FirebaseFunctions in Frameworks */ = {isa = PBXBuildFile; productRef = 785AE1A72C2E878600677CA0 /* FirebaseFunctions */; };
		785AE1AA2C2E878600677CA0 /* FirebaseFunctionsCombine-Community in Frameworks */ = {isa = PBXBuildFile; productRef = 785AE1A92C2E878600677CA0 /* FirebaseFunctionsCombine-Community */; };
		785AE1AC2C2E878600677CA0 /* FirebaseInAppMessaging-Beta in Frameworks */ = {isa = PBXBuildFile; productRef = 785AE1AB2C2E878600677CA0 /* FirebaseInAppMessaging-Beta */; };
		785AE1AE2C2E878600677CA0 /* FirebaseInAppMessagingSwift-Beta in Frameworks */ = {isa = PBXBuildFile; productRef = 785AE1AD2C2E878600677CA0 /* FirebaseInAppMessagingSwift-Beta */; };
		785AE1B02C2E878600677CA0 /* FirebaseInstallations in Frameworks */ = {isa = PBXBuildFile; productRef = 785AE1AF2C2E878600677CA0 /* FirebaseInstallations */; };
		785AE1B22C2E878600677CA0 /* FirebaseMLModelDownloader in Frameworks */ = {isa = PBXBuildFile; productRef = 785AE1B12C2E878600677CA0 /* FirebaseMLModelDownloader */; };
		785AE1B42C2E878600677CA0 /* FirebaseMessaging in Frameworks */ = {isa = PBXBuildFile; productRef = 785AE1B32C2E878600677CA0 /* FirebaseMessaging */; };
		785AE1B62C2E878600677CA0 /* FirebasePerformance in Frameworks */ = {isa = PBXBuildFile; productRef = 785AE1B52C2E878600677CA0 /* FirebasePerformance */; };
		785AE1B82C2E878600677CA0 /* FirebaseRemoteConfig in Frameworks */ = {isa = PBXBuildFile; productRef = 785AE1B72C2E878600677CA0 /* FirebaseRemoteConfig */; };
		785AE1BA2C2E878600677CA0 /* FirebaseRemoteConfigSwift in Frameworks */ = {isa = PBXBuildFile; productRef = 785AE1B92C2E878600677CA0 /* FirebaseRemoteConfigSwift */; };
		785AE1BC2C2E878600677CA0 /* FirebaseStorage in Frameworks */ = {isa = PBXBuildFile; productRef = 785AE1BB2C2E878600677CA0 /* FirebaseStorage */; };
		785AE1BE2C2E878600677CA0 /* FirebaseStorageCombine-Community in Frameworks */ = {isa = PBXBuildFile; productRef = 785AE1BD2C2E878600677CA0 /* FirebaseStorageCombine-Community */; };
		785AE1C02C2E878600677CA0 /* FirebaseVertexAI-Preview in Frameworks */ = {isa = PBXBuildFile; productRef = 785AE1BF2C2E878600677CA0 /* FirebaseVertexAI-Preview */; };
		78B9286C2C29402C006D9942 /* AppDelegate.swift in Sources */ = {isa = PBXBuildFile; fileRef = 78B9286B2C29402C006D9942 /* AppDelegate.swift */; };
		78B9286E2C29402C006D9942 /* SceneDelegate.swift in Sources */ = {isa = PBXBuildFile; fileRef = 78B9286D2C29402C006D9942 /* SceneDelegate.swift */; };
		78B928752C29402E006D9942 /* Assets.xcassets in Resources */ = {isa = PBXBuildFile; fileRef = 78B928742C29402E006D9942 /* Assets.xcassets */; };
		78B928782C29402E006D9942 /* LaunchScreen.storyboard in Resources */ = {isa = PBXBuildFile; fileRef = 78B928762C29402E006D9942 /* LaunchScreen.storyboard */; };
		DD865B642C3920F000C351A2 /* LoginViewController.swift in Sources */ = {isa = PBXBuildFile; fileRef = DD865B632C3920F000C351A2 /* LoginViewController.swift */; };
		DDA2EE732C385EB9007C6059 /* MainTabBarController.swift in Sources */ = {isa = PBXBuildFile; fileRef = DDA2EE722C385EB9007C6059 /* MainTabBarController.swift */; };
		DDA2EE752C385FB1007C6059 /* HomeViewController.swift in Sources */ = {isa = PBXBuildFile; fileRef = DDA2EE742C385FB1007C6059 /* HomeViewController.swift */; };
		DDA2EE772C385FC3007C6059 /* GroupListViewController.swift in Sources */ = {isa = PBXBuildFile; fileRef = DDA2EE762C385FC3007C6059 /* GroupListViewController.swift */; };
		DDA2EE792C385FCF007C6059 /* MyPageViewController.swift in Sources */ = {isa = PBXBuildFile; fileRef = DDA2EE782C385FCF007C6059 /* MyPageViewController.swift */; };
		DE254AA52C31131600A4015E /* Color.xcassets in Resources */ = {isa = PBXBuildFile; fileRef = DE254AA42C31131600A4015E /* Color.xcassets */; };
		DE254AA82C3118EA00A4015E /* UIView+.swift in Sources */ = {isa = PBXBuildFile; fileRef = DE254AA72C3118EA00A4015E /* UIView+.swift */; };
		DE254AAA2C31190E00A4015E /* UIStackView+.swift in Sources */ = {isa = PBXBuildFile; fileRef = DE254AA92C31190E00A4015E /* UIStackView+.swift */; };
		DE254AAC2C31192400A4015E /* UILabel+.swift in Sources */ = {isa = PBXBuildFile; fileRef = DE254AAB2C31192400A4015E /* UILabel+.swift */; };
		DE254AAE2C31193600A4015E /* UIFont+.swift in Sources */ = {isa = PBXBuildFile; fileRef = DE254AAD2C31193600A4015E /* UIFont+.swift */; };
		DE254AB02C31195B00A4015E /* NSAttributedString+.swift in Sources */ = {isa = PBXBuildFile; fileRef = DE254AAF2C31195B00A4015E /* NSAttributedString+.swift */; };
		DE254AB22C31197B00A4015E /* UIButton+.swift in Sources */ = {isa = PBXBuildFile; fileRef = DE254AB12C31197B00A4015E /* UIButton+.swift */; };
		DE254AB42C31199B00A4015E /* UITextField+.swift in Sources */ = {isa = PBXBuildFile; fileRef = DE254AB32C31199B00A4015E /* UITextField+.swift */; };
		DE254AB72C3119D000A4015E /* ReuseIdentifiable.swift in Sources */ = {isa = PBXBuildFile; fileRef = DE254AB62C3119D000A4015E /* ReuseIdentifiable.swift */; };
		DE254AB92C311AB300A4015E /* Screen.swift in Sources */ = {isa = PBXBuildFile; fileRef = DE254AB82C311AB300A4015E /* Screen.swift */; };
		DE254AC42C311DC200A4015E /* Pretendard-ExtraBold.otf in Resources */ = {isa = PBXBuildFile; fileRef = DE254ABB2C311DC200A4015E /* Pretendard-ExtraBold.otf */; };
		DE254AC52C311DC200A4015E /* Pretendard-Regular.otf in Resources */ = {isa = PBXBuildFile; fileRef = DE254ABC2C311DC200A4015E /* Pretendard-Regular.otf */; };
		DE254AC62C311DC200A4015E /* Pretendard-ExtraLight.otf in Resources */ = {isa = PBXBuildFile; fileRef = DE254ABD2C311DC200A4015E /* Pretendard-ExtraLight.otf */; };
		DE254AC72C311DC200A4015E /* Pretendard-Bold.otf in Resources */ = {isa = PBXBuildFile; fileRef = DE254ABE2C311DC200A4015E /* Pretendard-Bold.otf */; };
		DE254AC82C311DC200A4015E /* Pretendard-Medium.otf in Resources */ = {isa = PBXBuildFile; fileRef = DE254ABF2C311DC200A4015E /* Pretendard-Medium.otf */; };
		DE254AC92C311DC200A4015E /* Pretendard-SemiBold.otf in Resources */ = {isa = PBXBuildFile; fileRef = DE254AC02C311DC200A4015E /* Pretendard-SemiBold.otf */; };
		DE254ACA2C311DC200A4015E /* Pretendard-Light.otf in Resources */ = {isa = PBXBuildFile; fileRef = DE254AC12C311DC200A4015E /* Pretendard-Light.otf */; };
		DE254ACB2C311DC200A4015E /* Pretendard-Black.otf in Resources */ = {isa = PBXBuildFile; fileRef = DE254AC22C311DC200A4015E /* Pretendard-Black.otf */; };
		DE254ACC2C311DC200A4015E /* Pretendard-Thin.otf in Resources */ = {isa = PBXBuildFile; fileRef = DE254AC32C311DC200A4015E /* Pretendard-Thin.otf */; };
		DE8247FD2C36E7C7000601BC /* MoyaLoggingPlugin.swift in Sources */ = {isa = PBXBuildFile; fileRef = DE8247FC2C36E7C7000601BC /* MoyaLoggingPlugin.swift */; };
		DE8248002C36E857000601BC /* ObservablePattern.swift in Sources */ = {isa = PBXBuildFile; fileRef = DE8247FF2C36E857000601BC /* ObservablePattern.swift */; };
		DE9E18802C3BA4AA00DB76B4 /* CustomButton.swift in Sources */ = {isa = PBXBuildFile; fileRef = DE9E187F2C3BA4AA00DB76B4 /* CustomButton.swift */; };
		DE9E18822C3BA6A900DB76B4 /* ViewController.swift in Sources */ = {isa = PBXBuildFile; fileRef = DE9E18812C3BA6A900DB76B4 /* ViewController.swift */; };
		DE9E18842C3BA84500DB76B4 /* CustomTextField.swift in Sources */ = {isa = PBXBuildFile; fileRef = DE9E18832C3BA84500DB76B4 /* CustomTextField.swift */; };
		DED5DBEC2C345210006ECE7E /* BaseViewController.swift in Sources */ = {isa = PBXBuildFile; fileRef = DED5DBEB2C345210006ECE7E /* BaseViewController.swift */; };
		DED5DBEE2C34529A006ECE7E /* BaseView.swift in Sources */ = {isa = PBXBuildFile; fileRef = DED5DBED2C34529A006ECE7E /* BaseView.swift */; };
		DED5DBF02C345317006ECE7E /* BaseCollectionViewCell.swift in Sources */ = {isa = PBXBuildFile; fileRef = DED5DBEF2C345317006ECE7E /* BaseCollectionViewCell.swift */; };
		DED5DBF22C34534A006ECE7E /* BaseCollectionReusableView.swift in Sources */ = {isa = PBXBuildFile; fileRef = DED5DBF12C34534A006ECE7E /* BaseCollectionReusableView.swift */; };
		DED5DBF42C34539A006ECE7E /* BaseTableViewCell.swift in Sources */ = {isa = PBXBuildFile; fileRef = DED5DBF32C34539A006ECE7E /* BaseTableViewCell.swift */; };
/* End PBXBuildFile section */

/* Begin PBXFileReference section */
		785AE1CE2C35560800677CA0 /* KkuMulKum.entitlements */ = {isa = PBXFileReference; lastKnownFileType = text.plist.entitlements; path = KkuMulKum.entitlements; sourceTree = "<group>"; };
		78B928682C29402C006D9942 /* KkuMulKum.app */ = {isa = PBXFileReference; explicitFileType = wrapper.application; includeInIndex = 0; path = KkuMulKum.app; sourceTree = BUILT_PRODUCTS_DIR; };
		78B9286B2C29402C006D9942 /* AppDelegate.swift */ = {isa = PBXFileReference; lastKnownFileType = sourcecode.swift; path = AppDelegate.swift; sourceTree = "<group>"; };
		78B9286D2C29402C006D9942 /* SceneDelegate.swift */ = {isa = PBXFileReference; lastKnownFileType = sourcecode.swift; path = SceneDelegate.swift; sourceTree = "<group>"; };
		78B928742C29402E006D9942 /* Assets.xcassets */ = {isa = PBXFileReference; lastKnownFileType = folder.assetcatalog; path = Assets.xcassets; sourceTree = "<group>"; };
		78B928772C29402E006D9942 /* Base */ = {isa = PBXFileReference; lastKnownFileType = file.storyboard; name = Base; path = Base.lproj/LaunchScreen.storyboard; sourceTree = "<group>"; };
		78B928792C29402E006D9942 /* Info.plist */ = {isa = PBXFileReference; lastKnownFileType = text.plist.xml; path = Info.plist; sourceTree = "<group>"; };
		DD865B632C3920F000C351A2 /* LoginViewController.swift */ = {isa = PBXFileReference; lastKnownFileType = sourcecode.swift; path = LoginViewController.swift; sourceTree = "<group>"; };
		DDA2EE722C385EB9007C6059 /* MainTabBarController.swift */ = {isa = PBXFileReference; lastKnownFileType = sourcecode.swift; path = MainTabBarController.swift; sourceTree = "<group>"; };
		DDA2EE742C385FB1007C6059 /* HomeViewController.swift */ = {isa = PBXFileReference; lastKnownFileType = sourcecode.swift; path = HomeViewController.swift; sourceTree = "<group>"; };
		DDA2EE762C385FC3007C6059 /* GroupListViewController.swift */ = {isa = PBXFileReference; lastKnownFileType = sourcecode.swift; path = GroupListViewController.swift; sourceTree = "<group>"; };
		DDA2EE782C385FCF007C6059 /* MyPageViewController.swift */ = {isa = PBXFileReference; lastKnownFileType = sourcecode.swift; path = MyPageViewController.swift; sourceTree = "<group>"; };
		DE254AA42C31131600A4015E /* Color.xcassets */ = {isa = PBXFileReference; lastKnownFileType = folder.assetcatalog; path = Color.xcassets; sourceTree = "<group>"; };
		DE254AA72C3118EA00A4015E /* UIView+.swift */ = {isa = PBXFileReference; lastKnownFileType = sourcecode.swift; path = "UIView+.swift"; sourceTree = "<group>"; };
		DE254AA92C31190E00A4015E /* UIStackView+.swift */ = {isa = PBXFileReference; lastKnownFileType = sourcecode.swift; path = "UIStackView+.swift"; sourceTree = "<group>"; };
		DE254AAB2C31192400A4015E /* UILabel+.swift */ = {isa = PBXFileReference; lastKnownFileType = sourcecode.swift; path = "UILabel+.swift"; sourceTree = "<group>"; };
		DE254AAD2C31193600A4015E /* UIFont+.swift */ = {isa = PBXFileReference; lastKnownFileType = sourcecode.swift; path = "UIFont+.swift"; sourceTree = "<group>"; };
		DE254AAF2C31195B00A4015E /* NSAttributedString+.swift */ = {isa = PBXFileReference; lastKnownFileType = sourcecode.swift; path = "NSAttributedString+.swift"; sourceTree = "<group>"; };
		DE254AB12C31197B00A4015E /* UIButton+.swift */ = {isa = PBXFileReference; lastKnownFileType = sourcecode.swift; path = "UIButton+.swift"; sourceTree = "<group>"; };
		DE254AB32C31199B00A4015E /* UITextField+.swift */ = {isa = PBXFileReference; lastKnownFileType = sourcecode.swift; path = "UITextField+.swift"; sourceTree = "<group>"; };
		DE254AB62C3119D000A4015E /* ReuseIdentifiable.swift */ = {isa = PBXFileReference; lastKnownFileType = sourcecode.swift; path = ReuseIdentifiable.swift; sourceTree = "<group>"; };
		DE254AB82C311AB300A4015E /* Screen.swift */ = {isa = PBXFileReference; lastKnownFileType = sourcecode.swift; path = Screen.swift; sourceTree = "<group>"; };
		DE254ABB2C311DC200A4015E /* Pretendard-ExtraBold.otf */ = {isa = PBXFileReference; lastKnownFileType = file; path = "Pretendard-ExtraBold.otf"; sourceTree = "<group>"; };
		DE254ABC2C311DC200A4015E /* Pretendard-Regular.otf */ = {isa = PBXFileReference; lastKnownFileType = file; path = "Pretendard-Regular.otf"; sourceTree = "<group>"; };
		DE254ABD2C311DC200A4015E /* Pretendard-ExtraLight.otf */ = {isa = PBXFileReference; lastKnownFileType = file; path = "Pretendard-ExtraLight.otf"; sourceTree = "<group>"; };
		DE254ABE2C311DC200A4015E /* Pretendard-Bold.otf */ = {isa = PBXFileReference; lastKnownFileType = file; path = "Pretendard-Bold.otf"; sourceTree = "<group>"; };
		DE254ABF2C311DC200A4015E /* Pretendard-Medium.otf */ = {isa = PBXFileReference; lastKnownFileType = file; path = "Pretendard-Medium.otf"; sourceTree = "<group>"; };
		DE254AC02C311DC200A4015E /* Pretendard-SemiBold.otf */ = {isa = PBXFileReference; lastKnownFileType = file; path = "Pretendard-SemiBold.otf"; sourceTree = "<group>"; };
		DE254AC12C311DC200A4015E /* Pretendard-Light.otf */ = {isa = PBXFileReference; lastKnownFileType = file; path = "Pretendard-Light.otf"; sourceTree = "<group>"; };
		DE254AC22C311DC200A4015E /* Pretendard-Black.otf */ = {isa = PBXFileReference; lastKnownFileType = file; path = "Pretendard-Black.otf"; sourceTree = "<group>"; };
		DE254AC32C311DC200A4015E /* Pretendard-Thin.otf */ = {isa = PBXFileReference; lastKnownFileType = file; path = "Pretendard-Thin.otf"; sourceTree = "<group>"; };
		DE8247FC2C36E7C7000601BC /* MoyaLoggingPlugin.swift */ = {isa = PBXFileReference; lastKnownFileType = sourcecode.swift; path = MoyaLoggingPlugin.swift; sourceTree = "<group>"; };
		DE8247FF2C36E857000601BC /* ObservablePattern.swift */ = {isa = PBXFileReference; lastKnownFileType = sourcecode.swift; path = ObservablePattern.swift; sourceTree = "<group>"; };
		DE9E187F2C3BA4AA00DB76B4 /* CustomButton.swift */ = {isa = PBXFileReference; lastKnownFileType = sourcecode.swift; path = CustomButton.swift; sourceTree = "<group>"; };
		DE9E18812C3BA6A900DB76B4 /* ViewController.swift */ = {isa = PBXFileReference; lastKnownFileType = sourcecode.swift; path = ViewController.swift; sourceTree = "<group>"; };
		DE9E18832C3BA84500DB76B4 /* CustomTextField.swift */ = {isa = PBXFileReference; lastKnownFileType = sourcecode.swift; path = CustomTextField.swift; sourceTree = "<group>"; };
		DED5DBEB2C345210006ECE7E /* BaseViewController.swift */ = {isa = PBXFileReference; lastKnownFileType = sourcecode.swift; path = BaseViewController.swift; sourceTree = "<group>"; };
		DED5DBED2C34529A006ECE7E /* BaseView.swift */ = {isa = PBXFileReference; lastKnownFileType = sourcecode.swift; path = BaseView.swift; sourceTree = "<group>"; };
		DED5DBEF2C345317006ECE7E /* BaseCollectionViewCell.swift */ = {isa = PBXFileReference; lastKnownFileType = sourcecode.swift; path = BaseCollectionViewCell.swift; sourceTree = "<group>"; };
		DED5DBF12C34534A006ECE7E /* BaseCollectionReusableView.swift */ = {isa = PBXFileReference; lastKnownFileType = sourcecode.swift; path = BaseCollectionReusableView.swift; sourceTree = "<group>"; };
		DED5DBF32C34539A006ECE7E /* BaseTableViewCell.swift */ = {isa = PBXFileReference; lastKnownFileType = sourcecode.swift; path = BaseTableViewCell.swift; sourceTree = "<group>"; };
/* End PBXFileReference section */

/* Begin PBXFrameworksBuildPhase section */
		78B928652C29402C006D9942 /* Frameworks */ = {
			isa = PBXFrameworksBuildPhase;
			buildActionMask = 2147483647;
			files = (
				785AE1C02C2E878600677CA0 /* FirebaseVertexAI-Preview in Frameworks */,
				785AE19E2C2E878600677CA0 /* FirebaseDatabaseSwift in Frameworks */,
				785AE1AA2C2E878600677CA0 /* FirebaseFunctionsCombine-Community in Frameworks */,
				785AE1BC2C2E878600677CA0 /* FirebaseStorage in Frameworks */,
				785AE1732C2E867600677CA0 /* KakaoSDKAuth in Frameworks */,
				785AE1BA2C2E878600677CA0 /* FirebaseRemoteConfigSwift in Frameworks */,
				785AE16E2C2E85E800677CA0 /* Then in Frameworks */,
				785AE1662C2E858A00677CA0 /* SnapKit in Frameworks */,
				785AE1752C2E867600677CA0 /* KakaoSDKCert in Frameworks */,
				785AE1942C2E878600677CA0 /* FirebaseAppDistribution-Beta in Frameworks */,
				785AE1B02C2E878600677CA0 /* FirebaseInstallations in Frameworks */,
				785AE1902C2E878600677CA0 /* FirebaseAnalyticsWithoutAdIdSupport in Frameworks */,
				785AE18E2C2E878600677CA0 /* FirebaseAnalyticsSwift in Frameworks */,
				785AE1962C2E878600677CA0 /* FirebaseAuth in Frameworks */,
				785AE1A82C2E878600677CA0 /* FirebaseFunctions in Frameworks */,
				785AE1602C2E857A00677CA0 /* LookinServer in Frameworks */,
				785AE19A2C2E878600677CA0 /* FirebaseCrashlytics in Frameworks */,
				785AE1852C2E867600677CA0 /* KakaoSDKTemplate in Frameworks */,
				785AE16B2C2E85C200677CA0 /* Moya in Frameworks */,
				785AE17B2C2E867600677CA0 /* KakaoSDKFriend in Frameworks */,
				785AE1922C2E878600677CA0 /* FirebaseAppCheck in Frameworks */,
				785AE18A2C2E878600677CA0 /* FirebaseAnalytics in Frameworks */,
				785AE1982C2E878600677CA0 /* FirebaseAuthCombine-Community in Frameworks */,
				785AE1BE2C2E878600677CA0 /* FirebaseStorageCombine-Community in Frameworks */,
				785AE1872C2E867600677CA0 /* KakaoSDKUser in Frameworks */,
				785AE1B42C2E878600677CA0 /* FirebaseMessaging in Frameworks */,
				785AE1B82C2E878600677CA0 /* FirebaseRemoteConfig in Frameworks */,
				785AE1B62C2E878600677CA0 /* FirebasePerformance in Frameworks */,
				785AE1812C2E867600677CA0 /* KakaoSDKShare in Frameworks */,
				785AE17F2C2E867600677CA0 /* KakaoSDKNavi in Frameworks */,
				785AE18C2C2E878600677CA0 /* FirebaseAnalyticsOnDeviceConversion in Frameworks */,
				785AE17D2C2E867600677CA0 /* KakaoSDKFriendCore in Frameworks */,
				785AE1A62C2E878600677CA0 /* FirebaseFirestoreSwift in Frameworks */,
				785AE1A22C2E878600677CA0 /* FirebaseFirestore in Frameworks */,
				785AE1A42C2E878600677CA0 /* FirebaseFirestoreCombine-Community in Frameworks */,
				785AE1712C2E867600677CA0 /* KakaoSDK in Frameworks */,
				785AE1AC2C2E878600677CA0 /* FirebaseInAppMessaging-Beta in Frameworks */,
				785AE1B22C2E878600677CA0 /* FirebaseMLModelDownloader in Frameworks */,
				785AE1832C2E867600677CA0 /* KakaoSDKTalk in Frameworks */,
				785AE19C2C2E878600677CA0 /* FirebaseDatabase in Frameworks */,
				785AE1792C2E867600677CA0 /* KakaoSDKCommon in Frameworks */,
				785AE1A02C2E878600677CA0 /* FirebaseDynamicLinks in Frameworks */,
				785AE1AE2C2E878600677CA0 /* FirebaseInAppMessagingSwift-Beta in Frameworks */,
				785AE1772C2E867600677CA0 /* KakaoSDKCertCore in Frameworks */,
			);
			runOnlyForDeploymentPostprocessing = 0;
		};
/* End PBXFrameworksBuildPhase section */

/* Begin PBXGroup section */
		78B9285F2C29402C006D9942 = {
			isa = PBXGroup;
			children = (
				78B9286A2C29402C006D9942 /* KkuMulKum */,
				78B928692C29402C006D9942 /* Products */,
			);
			sourceTree = "<group>";
		};
		78B928692C29402C006D9942 /* Products */ = {
			isa = PBXGroup;
			children = (
				78B928682C29402C006D9942 /* KkuMulKum.app */,
			);
			name = Products;
			sourceTree = "<group>";
		};
		78B9286A2C29402C006D9942 /* KkuMulKum */ = {
			isa = PBXGroup;
			children = (
				785AE1CE2C35560800677CA0 /* KkuMulKum.entitlements */,
				DE254AA12C31106700A4015E /* Application */,
				DE254AA22C31107700A4015E /* Source */,
				DE254AA32C31107C00A4015E /* Resource */,
				DE8247FB2C36E7BB000601BC /* Network */,
			);
			path = KkuMulKum;
			sourceTree = "<group>";
		};
		DD865B652C3920F600C351A2 /* Onboarding */ = {
			isa = PBXGroup;
			children = (
				DD865B662C39210E00C351A2 /* Login */,
			);
			path = Onboarding;
			sourceTree = "<group>";
		};
		DD865B662C39210E00C351A2 /* Login */ = {
			isa = PBXGroup;
			children = (
				DD865B632C3920F000C351A2 /* LoginViewController.swift */,
			);
			path = Login;
			sourceTree = "<group>";
		};
		DDA2EE7B2C386078007C6059 /* Home */ = {
			isa = PBXGroup;
			children = (
				DDA2EE742C385FB1007C6059 /* HomeViewController.swift */,
			);
			path = Home;
			sourceTree = "<group>";
		};
		DDA2EE7C2C38607F007C6059 /* GroupList */ = {
			isa = PBXGroup;
			children = (
				DDA2EE762C385FC3007C6059 /* GroupListViewController.swift */,
			);
			path = GroupList;
			sourceTree = "<group>";
		};
		DDA2EE7D2C386087007C6059 /* MyPage */ = {
			isa = PBXGroup;
			children = (
				DDA2EE782C385FCF007C6059 /* MyPageViewController.swift */,
			);
			path = MyPage;
			sourceTree = "<group>";
		};
		DDA2EE7E2C3860B2007C6059 /* Core */ = {
			isa = PBXGroup;
			children = (
				DDA2EE722C385EB9007C6059 /* MainTabBarController.swift */,
			);
			path = Core;
			sourceTree = "<group>";
		};
		DE254AA12C31106700A4015E /* Application */ = {
			isa = PBXGroup;
			children = (
				78B9286B2C29402C006D9942 /* AppDelegate.swift */,
				78B9286D2C29402C006D9942 /* SceneDelegate.swift */,
			);
			path = Application;
			sourceTree = "<group>";
		};
		DE254AA22C31107700A4015E /* Source */ = {
			isa = PBXGroup;
			children = (
				DDA2EE7E2C3860B2007C6059 /* Core */,
				DDA2EE7B2C386078007C6059 /* Home */,
				DDA2EE7C2C38607F007C6059 /* GroupList */,
				DDA2EE7D2C386087007C6059 /* MyPage */,
				DD865B652C3920F600C351A2 /* Onboarding */,
			);
			path = Source;
			sourceTree = "<group>";
		};
		DE254AA32C31107C00A4015E /* Resource */ = {
			isa = PBXGroup;
			children = (
				DE9E18812C3BA6A900DB76B4 /* ViewController.swift */,
				DE254AA42C31131600A4015E /* Color.xcassets */,
				78B928742C29402E006D9942 /* Assets.xcassets */,
				78B928762C29402E006D9942 /* LaunchScreen.storyboard */,
				78B928792C29402E006D9942 /* Info.plist */,
				DE9E187E2C3BA49B00DB76B4 /* Components */,
				DE8247FE2C36E846000601BC /* ObservablePattern */,
				DED5DBEA2C345202006ECE7E /* Base */,
				DE254AA62C3118B300A4015E /* Extension */,
				DE254AB52C3119BC00A4015E /* Util */,
				DE254ABA2C311C3100A4015E /* Font */,
			);
			path = Resource;
			sourceTree = "<group>";
		};
		DE254AA62C3118B300A4015E /* Extension */ = {
			isa = PBXGroup;
			children = (
				DE254AA72C3118EA00A4015E /* UIView+.swift */,
				DE254AA92C31190E00A4015E /* UIStackView+.swift */,
				DE254AAD2C31193600A4015E /* UIFont+.swift */,
				DE254AAF2C31195B00A4015E /* NSAttributedString+.swift */,
				DE254AAB2C31192400A4015E /* UILabel+.swift */,
				DE254AB12C31197B00A4015E /* UIButton+.swift */,
				DE254AB32C31199B00A4015E /* UITextField+.swift */,
			);
			path = Extension;
			sourceTree = "<group>";
		};
		DE254AB52C3119BC00A4015E /* Util */ = {
			isa = PBXGroup;
			children = (
				DE254AB62C3119D000A4015E /* ReuseIdentifiable.swift */,
				DE254AB82C311AB300A4015E /* Screen.swift */,
			);
			path = Util;
			sourceTree = "<group>";
		};
		DE254ABA2C311C3100A4015E /* Font */ = {
			isa = PBXGroup;
			children = (
				DE254AC22C311DC200A4015E /* Pretendard-Black.otf */,
				DE254ABE2C311DC200A4015E /* Pretendard-Bold.otf */,
				DE254ABB2C311DC200A4015E /* Pretendard-ExtraBold.otf */,
				DE254ABD2C311DC200A4015E /* Pretendard-ExtraLight.otf */,
				DE254AC12C311DC200A4015E /* Pretendard-Light.otf */,
				DE254ABF2C311DC200A4015E /* Pretendard-Medium.otf */,
				DE254ABC2C311DC200A4015E /* Pretendard-Regular.otf */,
				DE254AC02C311DC200A4015E /* Pretendard-SemiBold.otf */,
				DE254AC32C311DC200A4015E /* Pretendard-Thin.otf */,
			);
			path = Font;
			sourceTree = "<group>";
		};
		DE8247FB2C36E7BB000601BC /* Network */ = {
			isa = PBXGroup;
			children = (
				DE8247FC2C36E7C7000601BC /* MoyaLoggingPlugin.swift */,
			);
			path = Network;
			sourceTree = "<group>";
		};
		DE8247FE2C36E846000601BC /* ObservablePattern */ = {
			isa = PBXGroup;
			children = (
				DE8247FF2C36E857000601BC /* ObservablePattern.swift */,
			);
			path = ObservablePattern;
			sourceTree = "<group>";
		};
		DE9E187E2C3BA49B00DB76B4 /* Components */ = {
			isa = PBXGroup;
			children = (
				DE9E187F2C3BA4AA00DB76B4 /* CustomButton.swift */,
				DE9E18832C3BA84500DB76B4 /* CustomTextField.swift */,
			);
			path = Components;
			sourceTree = "<group>";
		};
		DED5DBEA2C345202006ECE7E /* Base */ = {
			isa = PBXGroup;
			children = (
				DED5DBEB2C345210006ECE7E /* BaseViewController.swift */,
				DED5DBED2C34529A006ECE7E /* BaseView.swift */,
				DED5DBEF2C345317006ECE7E /* BaseCollectionViewCell.swift */,
				DED5DBF12C34534A006ECE7E /* BaseCollectionReusableView.swift */,
				DED5DBF32C34539A006ECE7E /* BaseTableViewCell.swift */,
			);
			path = Base;
			sourceTree = "<group>";
		};
/* End PBXGroup section */

/* Begin PBXNativeTarget section */
		78B928672C29402C006D9942 /* KkuMulKum */ = {
			isa = PBXNativeTarget;
			buildConfigurationList = 78B9287C2C29402E006D9942 /* Build configuration list for PBXNativeTarget "KkuMulKum" */;
			buildPhases = (
				78B928642C29402C006D9942 /* Sources */,
				78B928652C29402C006D9942 /* Frameworks */,
				78B928662C29402C006D9942 /* Resources */,
			);
			buildRules = (
			);
			dependencies = (
			);
			name = KkuMulKum;
			packageProductDependencies = (
				785AE15F2C2E857A00677CA0 /* LookinServer */,
				785AE1652C2E858A00677CA0 /* SnapKit */,
				785AE16A2C2E85C200677CA0 /* Moya */,
				785AE16D2C2E85E800677CA0 /* Then */,
				785AE1702C2E867600677CA0 /* KakaoSDK */,
				785AE1722C2E867600677CA0 /* KakaoSDKAuth */,
				785AE1742C2E867600677CA0 /* KakaoSDKCert */,
				785AE1762C2E867600677CA0 /* KakaoSDKCertCore */,
				785AE1782C2E867600677CA0 /* KakaoSDKCommon */,
				785AE17A2C2E867600677CA0 /* KakaoSDKFriend */,
				785AE17C2C2E867600677CA0 /* KakaoSDKFriendCore */,
				785AE17E2C2E867600677CA0 /* KakaoSDKNavi */,
				785AE1802C2E867600677CA0 /* KakaoSDKShare */,
				785AE1822C2E867600677CA0 /* KakaoSDKTalk */,
				785AE1842C2E867600677CA0 /* KakaoSDKTemplate */,
				785AE1862C2E867600677CA0 /* KakaoSDKUser */,
				785AE1892C2E878600677CA0 /* FirebaseAnalytics */,
				785AE18B2C2E878600677CA0 /* FirebaseAnalyticsOnDeviceConversion */,
				785AE18D2C2E878600677CA0 /* FirebaseAnalyticsSwift */,
				785AE18F2C2E878600677CA0 /* FirebaseAnalyticsWithoutAdIdSupport */,
				785AE1912C2E878600677CA0 /* FirebaseAppCheck */,
				785AE1932C2E878600677CA0 /* FirebaseAppDistribution-Beta */,
				785AE1952C2E878600677CA0 /* FirebaseAuth */,
				785AE1972C2E878600677CA0 /* FirebaseAuthCombine-Community */,
				785AE1992C2E878600677CA0 /* FirebaseCrashlytics */,
				785AE19B2C2E878600677CA0 /* FirebaseDatabase */,
				785AE19D2C2E878600677CA0 /* FirebaseDatabaseSwift */,
				785AE19F2C2E878600677CA0 /* FirebaseDynamicLinks */,
				785AE1A12C2E878600677CA0 /* FirebaseFirestore */,
				785AE1A32C2E878600677CA0 /* FirebaseFirestoreCombine-Community */,
				785AE1A52C2E878600677CA0 /* FirebaseFirestoreSwift */,
				785AE1A72C2E878600677CA0 /* FirebaseFunctions */,
				785AE1A92C2E878600677CA0 /* FirebaseFunctionsCombine-Community */,
				785AE1AB2C2E878600677CA0 /* FirebaseInAppMessaging-Beta */,
				785AE1AD2C2E878600677CA0 /* FirebaseInAppMessagingSwift-Beta */,
				785AE1AF2C2E878600677CA0 /* FirebaseInstallations */,
				785AE1B12C2E878600677CA0 /* FirebaseMLModelDownloader */,
				785AE1B32C2E878600677CA0 /* FirebaseMessaging */,
				785AE1B52C2E878600677CA0 /* FirebasePerformance */,
				785AE1B72C2E878600677CA0 /* FirebaseRemoteConfig */,
				785AE1B92C2E878600677CA0 /* FirebaseRemoteConfigSwift */,
				785AE1BB2C2E878600677CA0 /* FirebaseStorage */,
				785AE1BD2C2E878600677CA0 /* FirebaseStorageCombine-Community */,
				785AE1BF2C2E878600677CA0 /* FirebaseVertexAI-Preview */,
			);
			productName = KkuMulKum;
			productReference = 78B928682C29402C006D9942 /* KkuMulKum.app */;
			productType = "com.apple.product-type.application";
		};
/* End PBXNativeTarget section */

/* Begin PBXProject section */
		78B928602C29402C006D9942 /* Project object */ = {
			isa = PBXProject;
			attributes = {
				BuildIndependentTargetsInParallel = 1;
				LastSwiftUpdateCheck = 1510;
				LastUpgradeCheck = 1510;
				TargetAttributes = {
					78B928672C29402C006D9942 = {
						CreatedOnToolsVersion = 15.1;
					};
				};
			};
			buildConfigurationList = 78B928632C29402C006D9942 /* Build configuration list for PBXProject "KkuMulKum" */;
			compatibilityVersion = "Xcode 14.0";
			developmentRegion = en;
			hasScannedForEncodings = 0;
			knownRegions = (
				en,
				Base,
			);
			mainGroup = 78B9285F2C29402C006D9942;
			packageReferences = (
				785AE15E2C2E857900677CA0 /* XCRemoteSwiftPackageReference "LookinServer" */,
				785AE1642C2E858A00677CA0 /* XCRemoteSwiftPackageReference "SnapKit" */,
				785AE1692C2E85C200677CA0 /* XCRemoteSwiftPackageReference "Moya" */,
				785AE16C2C2E85E800677CA0 /* XCRemoteSwiftPackageReference "Then" */,
				785AE16F2C2E867600677CA0 /* XCRemoteSwiftPackageReference "kakao-ios-sdk" */,
				785AE1882C2E878600677CA0 /* XCRemoteSwiftPackageReference "firebase-ios-sdk" */,
			);
			productRefGroup = 78B928692C29402C006D9942 /* Products */;
			projectDirPath = "";
			projectRoot = "";
			targets = (
				78B928672C29402C006D9942 /* KkuMulKum */,
			);
		};
/* End PBXProject section */

/* Begin PBXResourcesBuildPhase section */
		78B928662C29402C006D9942 /* Resources */ = {
			isa = PBXResourcesBuildPhase;
			buildActionMask = 2147483647;
			files = (
				DE254AC62C311DC200A4015E /* Pretendard-ExtraLight.otf in Resources */,
				78B928782C29402E006D9942 /* LaunchScreen.storyboard in Resources */,
				DE254AC72C311DC200A4015E /* Pretendard-Bold.otf in Resources */,
				DE254ACC2C311DC200A4015E /* Pretendard-Thin.otf in Resources */,
				DE254ACA2C311DC200A4015E /* Pretendard-Light.otf in Resources */,
				DE254AC82C311DC200A4015E /* Pretendard-Medium.otf in Resources */,
				78B928752C29402E006D9942 /* Assets.xcassets in Resources */,
				DE254ACB2C311DC200A4015E /* Pretendard-Black.otf in Resources */,
				DE254AC52C311DC200A4015E /* Pretendard-Regular.otf in Resources */,
				DE254AC92C311DC200A4015E /* Pretendard-SemiBold.otf in Resources */,
				DE254AC42C311DC200A4015E /* Pretendard-ExtraBold.otf in Resources */,
				DE254AA52C31131600A4015E /* Color.xcassets in Resources */,
			);
			runOnlyForDeploymentPostprocessing = 0;
		};
/* End PBXResourcesBuildPhase section */

/* Begin PBXSourcesBuildPhase section */
		78B928642C29402C006D9942 /* Sources */ = {
			isa = PBXSourcesBuildPhase;
			buildActionMask = 2147483647;
			files = (
				DE9E18822C3BA6A900DB76B4 /* ViewController.swift in Sources */,
				DED5DBF22C34534A006ECE7E /* BaseCollectionReusableView.swift in Sources */,
				DED5DBEC2C345210006ECE7E /* BaseViewController.swift in Sources */,
				DDA2EE732C385EB9007C6059 /* MainTabBarController.swift in Sources */,
				DE9E18842C3BA84500DB76B4 /* CustomTextField.swift in Sources */,
				DD865B642C3920F000C351A2 /* LoginViewController.swift in Sources */,
				DE254AAC2C31192400A4015E /* UILabel+.swift in Sources */,
				DE254AB72C3119D000A4015E /* ReuseIdentifiable.swift in Sources */,
				DDA2EE752C385FB1007C6059 /* HomeViewController.swift in Sources */,
				DE254AB42C31199B00A4015E /* UITextField+.swift in Sources */,
				DE8248002C36E857000601BC /* ObservablePattern.swift in Sources */,
				DE254AAA2C31190E00A4015E /* UIStackView+.swift in Sources */,
				DED5DBF02C345317006ECE7E /* BaseCollectionViewCell.swift in Sources */,
				DE254AA82C3118EA00A4015E /* UIView+.swift in Sources */,
				DE254AAE2C31193600A4015E /* UIFont+.swift in Sources */,
				DE254AB22C31197B00A4015E /* UIButton+.swift in Sources */,
				DDA2EE772C385FC3007C6059 /* GroupListViewController.swift in Sources */,
				78B9286C2C29402C006D9942 /* AppDelegate.swift in Sources */,
				DED5DBF42C34539A006ECE7E /* BaseTableViewCell.swift in Sources */,
				78B9286E2C29402C006D9942 /* SceneDelegate.swift in Sources */,
				DDA2EE792C385FCF007C6059 /* MyPageViewController.swift in Sources */,
				DED5DBEE2C34529A006ECE7E /* BaseView.swift in Sources */,
				DE9E18802C3BA4AA00DB76B4 /* CustomButton.swift in Sources */,
				DE254AB02C31195B00A4015E /* NSAttributedString+.swift in Sources */,
				DE8247FD2C36E7C7000601BC /* MoyaLoggingPlugin.swift in Sources */,
				DE254AB92C311AB300A4015E /* Screen.swift in Sources */,
			);
			runOnlyForDeploymentPostprocessing = 0;
		};
/* End PBXSourcesBuildPhase section */

/* Begin PBXVariantGroup section */
		78B928762C29402E006D9942 /* LaunchScreen.storyboard */ = {
			isa = PBXVariantGroup;
			children = (
				78B928772C29402E006D9942 /* Base */,
			);
			name = LaunchScreen.storyboard;
			sourceTree = "<group>";
		};
/* End PBXVariantGroup section */

/* Begin XCBuildConfiguration section */
		78B9287A2C29402E006D9942 /* Debug */ = {
			isa = XCBuildConfiguration;
			buildSettings = {
				ALWAYS_SEARCH_USER_PATHS = NO;
				ASSETCATALOG_COMPILER_GENERATE_SWIFT_ASSET_SYMBOL_EXTENSIONS = YES;
				CLANG_ANALYZER_NONNULL = YES;
				CLANG_ANALYZER_NUMBER_OBJECT_CONVERSION = YES_AGGRESSIVE;
				CLANG_CXX_LANGUAGE_STANDARD = "gnu++20";
				CLANG_ENABLE_MODULES = YES;
				CLANG_ENABLE_OBJC_ARC = YES;
				CLANG_ENABLE_OBJC_WEAK = YES;
				CLANG_WARN_BLOCK_CAPTURE_AUTORELEASING = YES;
				CLANG_WARN_BOOL_CONVERSION = YES;
				CLANG_WARN_COMMA = YES;
				CLANG_WARN_CONSTANT_CONVERSION = YES;
				CLANG_WARN_DEPRECATED_OBJC_IMPLEMENTATIONS = YES;
				CLANG_WARN_DIRECT_OBJC_ISA_USAGE = YES_ERROR;
				CLANG_WARN_DOCUMENTATION_COMMENTS = YES;
				CLANG_WARN_EMPTY_BODY = YES;
				CLANG_WARN_ENUM_CONVERSION = YES;
				CLANG_WARN_INFINITE_RECURSION = YES;
				CLANG_WARN_INT_CONVERSION = YES;
				CLANG_WARN_NON_LITERAL_NULL_CONVERSION = YES;
				CLANG_WARN_OBJC_IMPLICIT_RETAIN_SELF = YES;
				CLANG_WARN_OBJC_LITERAL_CONVERSION = YES;
				CLANG_WARN_OBJC_ROOT_CLASS = YES_ERROR;
				CLANG_WARN_QUOTED_INCLUDE_IN_FRAMEWORK_HEADER = YES;
				CLANG_WARN_RANGE_LOOP_ANALYSIS = YES;
				CLANG_WARN_STRICT_PROTOTYPES = YES;
				CLANG_WARN_SUSPICIOUS_MOVE = YES;
				CLANG_WARN_UNGUARDED_AVAILABILITY = YES_AGGRESSIVE;
				CLANG_WARN_UNREACHABLE_CODE = YES;
				CLANG_WARN__DUPLICATE_METHOD_MATCH = YES;
				COPY_PHASE_STRIP = NO;
				DEBUG_INFORMATION_FORMAT = dwarf;
				ENABLE_STRICT_OBJC_MSGSEND = YES;
				ENABLE_TESTABILITY = YES;
				ENABLE_USER_SCRIPT_SANDBOXING = YES;
				GCC_C_LANGUAGE_STANDARD = gnu17;
				GCC_DYNAMIC_NO_PIC = NO;
				GCC_NO_COMMON_BLOCKS = YES;
				GCC_OPTIMIZATION_LEVEL = 0;
				GCC_PREPROCESSOR_DEFINITIONS = (
					"DEBUG=1",
					"$(inherited)",
				);
				GCC_WARN_64_TO_32_BIT_CONVERSION = YES;
				GCC_WARN_ABOUT_RETURN_TYPE = YES_ERROR;
				GCC_WARN_UNDECLARED_SELECTOR = YES;
				GCC_WARN_UNINITIALIZED_AUTOS = YES_AGGRESSIVE;
				GCC_WARN_UNUSED_FUNCTION = YES;
				GCC_WARN_UNUSED_VARIABLE = YES;
				IPHONEOS_DEPLOYMENT_TARGET = 15.0;
				LOCALIZATION_PREFERS_STRING_CATALOGS = YES;
				MTL_ENABLE_DEBUG_INFO = INCLUDE_SOURCE;
				MTL_FAST_MATH = YES;
				ONLY_ACTIVE_ARCH = YES;
				SDKROOT = iphoneos;
				SWIFT_ACTIVE_COMPILATION_CONDITIONS = "DEBUG $(inherited)";
				SWIFT_OPTIMIZATION_LEVEL = "-Onone";
			};
			name = Debug;
		};
		78B9287B2C29402E006D9942 /* Release */ = {
			isa = XCBuildConfiguration;
			buildSettings = {
				ALWAYS_SEARCH_USER_PATHS = NO;
				ASSETCATALOG_COMPILER_GENERATE_SWIFT_ASSET_SYMBOL_EXTENSIONS = YES;
				CLANG_ANALYZER_NONNULL = YES;
				CLANG_ANALYZER_NUMBER_OBJECT_CONVERSION = YES_AGGRESSIVE;
				CLANG_CXX_LANGUAGE_STANDARD = "gnu++20";
				CLANG_ENABLE_MODULES = YES;
				CLANG_ENABLE_OBJC_ARC = YES;
				CLANG_ENABLE_OBJC_WEAK = YES;
				CLANG_WARN_BLOCK_CAPTURE_AUTORELEASING = YES;
				CLANG_WARN_BOOL_CONVERSION = YES;
				CLANG_WARN_COMMA = YES;
				CLANG_WARN_CONSTANT_CONVERSION = YES;
				CLANG_WARN_DEPRECATED_OBJC_IMPLEMENTATIONS = YES;
				CLANG_WARN_DIRECT_OBJC_ISA_USAGE = YES_ERROR;
				CLANG_WARN_DOCUMENTATION_COMMENTS = YES;
				CLANG_WARN_EMPTY_BODY = YES;
				CLANG_WARN_ENUM_CONVERSION = YES;
				CLANG_WARN_INFINITE_RECURSION = YES;
				CLANG_WARN_INT_CONVERSION = YES;
				CLANG_WARN_NON_LITERAL_NULL_CONVERSION = YES;
				CLANG_WARN_OBJC_IMPLICIT_RETAIN_SELF = YES;
				CLANG_WARN_OBJC_LITERAL_CONVERSION = YES;
				CLANG_WARN_OBJC_ROOT_CLASS = YES_ERROR;
				CLANG_WARN_QUOTED_INCLUDE_IN_FRAMEWORK_HEADER = YES;
				CLANG_WARN_RANGE_LOOP_ANALYSIS = YES;
				CLANG_WARN_STRICT_PROTOTYPES = YES;
				CLANG_WARN_SUSPICIOUS_MOVE = YES;
				CLANG_WARN_UNGUARDED_AVAILABILITY = YES_AGGRESSIVE;
				CLANG_WARN_UNREACHABLE_CODE = YES;
				CLANG_WARN__DUPLICATE_METHOD_MATCH = YES;
				COPY_PHASE_STRIP = NO;
				DEBUG_INFORMATION_FORMAT = "dwarf-with-dsym";
				ENABLE_NS_ASSERTIONS = NO;
				ENABLE_STRICT_OBJC_MSGSEND = YES;
				ENABLE_USER_SCRIPT_SANDBOXING = YES;
				GCC_C_LANGUAGE_STANDARD = gnu17;
				GCC_NO_COMMON_BLOCKS = YES;
				GCC_WARN_64_TO_32_BIT_CONVERSION = YES;
				GCC_WARN_ABOUT_RETURN_TYPE = YES_ERROR;
				GCC_WARN_UNDECLARED_SELECTOR = YES;
				GCC_WARN_UNINITIALIZED_AUTOS = YES_AGGRESSIVE;
				GCC_WARN_UNUSED_FUNCTION = YES;
				GCC_WARN_UNUSED_VARIABLE = YES;
				IPHONEOS_DEPLOYMENT_TARGET = 15.0;
				LOCALIZATION_PREFERS_STRING_CATALOGS = YES;
				MTL_ENABLE_DEBUG_INFO = NO;
				MTL_FAST_MATH = YES;
				SDKROOT = iphoneos;
				SWIFT_COMPILATION_MODE = wholemodule;
				VALIDATE_PRODUCT = YES;
			};
			name = Release;
		};
		78B9287D2C29402E006D9942 /* Debug */ = {
			isa = XCBuildConfiguration;
			buildSettings = {
				ASSETCATALOG_COMPILER_APPICON_NAME = AppIcon;
				ASSETCATALOG_COMPILER_GLOBAL_ACCENT_COLOR_NAME = AccentColor;
				CODE_SIGN_ENTITLEMENTS = KkuMulKum/KkuMulKum.entitlements;
				CODE_SIGN_IDENTITY = "Apple Development";
				"CODE_SIGN_IDENTITY[sdk=iphoneos*]" = "iPhone Developer";
				CODE_SIGN_STYLE = Manual;
				CURRENT_PROJECT_VERSION = 1;
				DEVELOPMENT_TEAM = "";
				"DEVELOPMENT_TEAM[sdk=iphoneos*]" = D2DRA3F792;
				GENERATE_INFOPLIST_FILE = YES;
				INFOPLIST_FILE = KkuMulKum/Resource/Info.plist;
				INFOPLIST_KEY_UIApplicationSupportsIndirectInputEvents = YES;
				INFOPLIST_KEY_UILaunchStoryboardName = LaunchScreen;
				INFOPLIST_KEY_UISupportedInterfaceOrientations_iPad = "UIInterfaceOrientationPortrait UIInterfaceOrientationPortraitUpsideDown UIInterfaceOrientationLandscapeLeft UIInterfaceOrientationLandscapeRight";
				INFOPLIST_KEY_UISupportedInterfaceOrientations_iPhone = "UIInterfaceOrientationPortrait UIInterfaceOrientationLandscapeLeft UIInterfaceOrientationLandscapeRight";
				IPHONEOS_DEPLOYMENT_TARGET = 15.0;
				LD_RUNPATH_SEARCH_PATHS = (
					"$(inherited)",
					"@executable_path/Frameworks",
				);
				MARKETING_VERSION = 1.0;
				PRODUCT_BUNDLE_IDENTIFIER = KkuMulKum.yizihn;
				PRODUCT_NAME = "$(TARGET_NAME)";
				PROVISIONING_PROFILE_SPECIFIER = "";
				"PROVISIONING_PROFILE_SPECIFIER[sdk=iphoneos*]" = KkumulkumDebug;
				SWIFT_EMIT_LOC_STRINGS = YES;
				SWIFT_VERSION = 5.0;
				TARGETED_DEVICE_FAMILY = "1,2";
			};
			name = Debug;
		};
		78B9287E2C29402E006D9942 /* Release */ = {
			isa = XCBuildConfiguration;
			buildSettings = {
				ASSETCATALOG_COMPILER_APPICON_NAME = AppIcon;
				ASSETCATALOG_COMPILER_GLOBAL_ACCENT_COLOR_NAME = AccentColor;
				CODE_SIGN_ENTITLEMENTS = KkuMulKum/KkuMulKum.entitlements;
				CODE_SIGN_IDENTITY = "Apple Development";
				"CODE_SIGN_IDENTITY[sdk=iphoneos*]" = "iPhone Distribution";
				CODE_SIGN_STYLE = Manual;
				CURRENT_PROJECT_VERSION = 1;
				DEVELOPMENT_TEAM = "";
				"DEVELOPMENT_TEAM[sdk=iphoneos*]" = D2DRA3F792;
				GENERATE_INFOPLIST_FILE = YES;
				INFOPLIST_FILE = KkuMulKum/Resource/Info.plist;
				INFOPLIST_KEY_UIApplicationSupportsIndirectInputEvents = YES;
				INFOPLIST_KEY_UILaunchStoryboardName = LaunchScreen;
				INFOPLIST_KEY_UISupportedInterfaceOrientations_iPad = "UIInterfaceOrientationPortrait UIInterfaceOrientationPortraitUpsideDown UIInterfaceOrientationLandscapeLeft UIInterfaceOrientationLandscapeRight";
				INFOPLIST_KEY_UISupportedInterfaceOrientations_iPhone = "UIInterfaceOrientationPortrait UIInterfaceOrientationLandscapeLeft UIInterfaceOrientationLandscapeRight";
				IPHONEOS_DEPLOYMENT_TARGET = 15.0;
				LD_RUNPATH_SEARCH_PATHS = (
					"$(inherited)",
					"@executable_path/Frameworks",
				);
				MARKETING_VERSION = 1.0;
				PRODUCT_BUNDLE_IDENTIFIER = KkuMulKum.yizihn;
				PRODUCT_NAME = "$(TARGET_NAME)";
				PROVISIONING_PROFILE_SPECIFIER = "";
				"PROVISIONING_PROFILE_SPECIFIER[sdk=iphoneos*]" = KkumulkumRelease;
				SWIFT_EMIT_LOC_STRINGS = YES;
				SWIFT_VERSION = 5.0;
				TARGETED_DEVICE_FAMILY = "1,2";
			};
			name = Release;
		};
/* End XCBuildConfiguration section */

/* Begin XCConfigurationList section */
		78B928632C29402C006D9942 /* Build configuration list for PBXProject "KkuMulKum" */ = {
			isa = XCConfigurationList;
			buildConfigurations = (
				78B9287A2C29402E006D9942 /* Debug */,
				78B9287B2C29402E006D9942 /* Release */,
			);
			defaultConfigurationIsVisible = 0;
			defaultConfigurationName = Release;
		};
		78B9287C2C29402E006D9942 /* Build configuration list for PBXNativeTarget "KkuMulKum" */ = {
			isa = XCConfigurationList;
			buildConfigurations = (
				78B9287D2C29402E006D9942 /* Debug */,
				78B9287E2C29402E006D9942 /* Release */,
			);
			defaultConfigurationIsVisible = 0;
			defaultConfigurationName = Release;
		};
/* End XCConfigurationList section */

/* Begin XCRemoteSwiftPackageReference section */
		785AE15E2C2E857900677CA0 /* XCRemoteSwiftPackageReference "LookinServer" */ = {
			isa = XCRemoteSwiftPackageReference;
			repositoryURL = "https://github.com/QMUI/LookinServer.git";
			requirement = {
				kind = upToNextMajorVersion;
				minimumVersion = 1.2.8;
			};
		};
		785AE1642C2E858A00677CA0 /* XCRemoteSwiftPackageReference "SnapKit" */ = {
			isa = XCRemoteSwiftPackageReference;
			repositoryURL = "https://github.com/SnapKit/SnapKit.git";
			requirement = {
				kind = upToNextMajorVersion;
				minimumVersion = 5.7.1;
			};
		};
		785AE1692C2E85C200677CA0 /* XCRemoteSwiftPackageReference "Moya" */ = {
			isa = XCRemoteSwiftPackageReference;
			repositoryURL = "https://github.com/Moya/Moya.git";
			requirement = {
				kind = upToNextMajorVersion;
				minimumVersion = 15.0.3;
			};
		};
		785AE16C2C2E85E800677CA0 /* XCRemoteSwiftPackageReference "Then" */ = {
			isa = XCRemoteSwiftPackageReference;
			repositoryURL = "https://github.com/devxoul/Then.git";
			requirement = {
				kind = upToNextMajorVersion;
				minimumVersion = 3.0.0;
			};
		};
		785AE16F2C2E867600677CA0 /* XCRemoteSwiftPackageReference "kakao-ios-sdk" */ = {
			isa = XCRemoteSwiftPackageReference;
			repositoryURL = "https://github.com/kakao/kakao-ios-sdk.git";
			requirement = {
				kind = upToNextMajorVersion;
				minimumVersion = 2.22.3;
			};
		};
		785AE1882C2E878600677CA0 /* XCRemoteSwiftPackageReference "firebase-ios-sdk" */ = {
			isa = XCRemoteSwiftPackageReference;
			repositoryURL = "https://github.com/firebase/firebase-ios-sdk";
			requirement = {
				kind = upToNextMajorVersion;
				minimumVersion = 10.28.1;
			};
		};
/* End XCRemoteSwiftPackageReference section */

/* Begin XCSwiftPackageProductDependency section */
		785AE15F2C2E857A00677CA0 /* LookinServer */ = {
			isa = XCSwiftPackageProductDependency;
			package = 785AE15E2C2E857900677CA0 /* XCRemoteSwiftPackageReference "LookinServer" */;
			productName = LookinServer;
		};
		785AE1652C2E858A00677CA0 /* SnapKit */ = {
			isa = XCSwiftPackageProductDependency;
			package = 785AE1642C2E858A00677CA0 /* XCRemoteSwiftPackageReference "SnapKit" */;
			productName = SnapKit;
		};
		785AE16A2C2E85C200677CA0 /* Moya */ = {
			isa = XCSwiftPackageProductDependency;
			package = 785AE1692C2E85C200677CA0 /* XCRemoteSwiftPackageReference "Moya" */;
			productName = Moya;
		};
		785AE16D2C2E85E800677CA0 /* Then */ = {
			isa = XCSwiftPackageProductDependency;
			package = 785AE16C2C2E85E800677CA0 /* XCRemoteSwiftPackageReference "Then" */;
			productName = Then;
		};
		785AE1702C2E867600677CA0 /* KakaoSDK */ = {
			isa = XCSwiftPackageProductDependency;
			package = 785AE16F2C2E867600677CA0 /* XCRemoteSwiftPackageReference "kakao-ios-sdk" */;
			productName = KakaoSDK;
		};
		785AE1722C2E867600677CA0 /* KakaoSDKAuth */ = {
			isa = XCSwiftPackageProductDependency;
			package = 785AE16F2C2E867600677CA0 /* XCRemoteSwiftPackageReference "kakao-ios-sdk" */;
			productName = KakaoSDKAuth;
		};
		785AE1742C2E867600677CA0 /* KakaoSDKCert */ = {
			isa = XCSwiftPackageProductDependency;
			package = 785AE16F2C2E867600677CA0 /* XCRemoteSwiftPackageReference "kakao-ios-sdk" */;
			productName = KakaoSDKCert;
		};
		785AE1762C2E867600677CA0 /* KakaoSDKCertCore */ = {
			isa = XCSwiftPackageProductDependency;
			package = 785AE16F2C2E867600677CA0 /* XCRemoteSwiftPackageReference "kakao-ios-sdk" */;
			productName = KakaoSDKCertCore;
		};
		785AE1782C2E867600677CA0 /* KakaoSDKCommon */ = {
			isa = XCSwiftPackageProductDependency;
			package = 785AE16F2C2E867600677CA0 /* XCRemoteSwiftPackageReference "kakao-ios-sdk" */;
			productName = KakaoSDKCommon;
		};
		785AE17A2C2E867600677CA0 /* KakaoSDKFriend */ = {
			isa = XCSwiftPackageProductDependency;
			package = 785AE16F2C2E867600677CA0 /* XCRemoteSwiftPackageReference "kakao-ios-sdk" */;
			productName = KakaoSDKFriend;
		};
		785AE17C2C2E867600677CA0 /* KakaoSDKFriendCore */ = {
			isa = XCSwiftPackageProductDependency;
			package = 785AE16F2C2E867600677CA0 /* XCRemoteSwiftPackageReference "kakao-ios-sdk" */;
			productName = KakaoSDKFriendCore;
		};
		785AE17E2C2E867600677CA0 /* KakaoSDKNavi */ = {
			isa = XCSwiftPackageProductDependency;
			package = 785AE16F2C2E867600677CA0 /* XCRemoteSwiftPackageReference "kakao-ios-sdk" */;
			productName = KakaoSDKNavi;
		};
		785AE1802C2E867600677CA0 /* KakaoSDKShare */ = {
			isa = XCSwiftPackageProductDependency;
			package = 785AE16F2C2E867600677CA0 /* XCRemoteSwiftPackageReference "kakao-ios-sdk" */;
			productName = KakaoSDKShare;
		};
		785AE1822C2E867600677CA0 /* KakaoSDKTalk */ = {
			isa = XCSwiftPackageProductDependency;
			package = 785AE16F2C2E867600677CA0 /* XCRemoteSwiftPackageReference "kakao-ios-sdk" */;
			productName = KakaoSDKTalk;
		};
		785AE1842C2E867600677CA0 /* KakaoSDKTemplate */ = {
			isa = XCSwiftPackageProductDependency;
			package = 785AE16F2C2E867600677CA0 /* XCRemoteSwiftPackageReference "kakao-ios-sdk" */;
			productName = KakaoSDKTemplate;
		};
		785AE1862C2E867600677CA0 /* KakaoSDKUser */ = {
			isa = XCSwiftPackageProductDependency;
			package = 785AE16F2C2E867600677CA0 /* XCRemoteSwiftPackageReference "kakao-ios-sdk" */;
			productName = KakaoSDKUser;
		};
		785AE1892C2E878600677CA0 /* FirebaseAnalytics */ = {
			isa = XCSwiftPackageProductDependency;
			package = 785AE1882C2E878600677CA0 /* XCRemoteSwiftPackageReference "firebase-ios-sdk" */;
			productName = FirebaseAnalytics;
		};
		785AE18B2C2E878600677CA0 /* FirebaseAnalyticsOnDeviceConversion */ = {
			isa = XCSwiftPackageProductDependency;
			package = 785AE1882C2E878600677CA0 /* XCRemoteSwiftPackageReference "firebase-ios-sdk" */;
			productName = FirebaseAnalyticsOnDeviceConversion;
		};
		785AE18D2C2E878600677CA0 /* FirebaseAnalyticsSwift */ = {
			isa = XCSwiftPackageProductDependency;
			package = 785AE1882C2E878600677CA0 /* XCRemoteSwiftPackageReference "firebase-ios-sdk" */;
			productName = FirebaseAnalyticsSwift;
		};
		785AE18F2C2E878600677CA0 /* FirebaseAnalyticsWithoutAdIdSupport */ = {
			isa = XCSwiftPackageProductDependency;
			package = 785AE1882C2E878600677CA0 /* XCRemoteSwiftPackageReference "firebase-ios-sdk" */;
			productName = FirebaseAnalyticsWithoutAdIdSupport;
		};
		785AE1912C2E878600677CA0 /* FirebaseAppCheck */ = {
			isa = XCSwiftPackageProductDependency;
			package = 785AE1882C2E878600677CA0 /* XCRemoteSwiftPackageReference "firebase-ios-sdk" */;
			productName = FirebaseAppCheck;
		};
		785AE1932C2E878600677CA0 /* FirebaseAppDistribution-Beta */ = {
			isa = XCSwiftPackageProductDependency;
			package = 785AE1882C2E878600677CA0 /* XCRemoteSwiftPackageReference "firebase-ios-sdk" */;
			productName = "FirebaseAppDistribution-Beta";
		};
		785AE1952C2E878600677CA0 /* FirebaseAuth */ = {
			isa = XCSwiftPackageProductDependency;
			package = 785AE1882C2E878600677CA0 /* XCRemoteSwiftPackageReference "firebase-ios-sdk" */;
			productName = FirebaseAuth;
		};
		785AE1972C2E878600677CA0 /* FirebaseAuthCombine-Community */ = {
			isa = XCSwiftPackageProductDependency;
			package = 785AE1882C2E878600677CA0 /* XCRemoteSwiftPackageReference "firebase-ios-sdk" */;
			productName = "FirebaseAuthCombine-Community";
		};
		785AE1992C2E878600677CA0 /* FirebaseCrashlytics */ = {
			isa = XCSwiftPackageProductDependency;
			package = 785AE1882C2E878600677CA0 /* XCRemoteSwiftPackageReference "firebase-ios-sdk" */;
			productName = FirebaseCrashlytics;
		};
		785AE19B2C2E878600677CA0 /* FirebaseDatabase */ = {
			isa = XCSwiftPackageProductDependency;
			package = 785AE1882C2E878600677CA0 /* XCRemoteSwiftPackageReference "firebase-ios-sdk" */;
			productName = FirebaseDatabase;
		};
		785AE19D2C2E878600677CA0 /* FirebaseDatabaseSwift */ = {
			isa = XCSwiftPackageProductDependency;
			package = 785AE1882C2E878600677CA0 /* XCRemoteSwiftPackageReference "firebase-ios-sdk" */;
			productName = FirebaseDatabaseSwift;
		};
		785AE19F2C2E878600677CA0 /* FirebaseDynamicLinks */ = {
			isa = XCSwiftPackageProductDependency;
			package = 785AE1882C2E878600677CA0 /* XCRemoteSwiftPackageReference "firebase-ios-sdk" */;
			productName = FirebaseDynamicLinks;
		};
		785AE1A12C2E878600677CA0 /* FirebaseFirestore */ = {
			isa = XCSwiftPackageProductDependency;
			package = 785AE1882C2E878600677CA0 /* XCRemoteSwiftPackageReference "firebase-ios-sdk" */;
			productName = FirebaseFirestore;
		};
		785AE1A32C2E878600677CA0 /* FirebaseFirestoreCombine-Community */ = {
			isa = XCSwiftPackageProductDependency;
			package = 785AE1882C2E878600677CA0 /* XCRemoteSwiftPackageReference "firebase-ios-sdk" */;
			productName = "FirebaseFirestoreCombine-Community";
		};
		785AE1A52C2E878600677CA0 /* FirebaseFirestoreSwift */ = {
			isa = XCSwiftPackageProductDependency;
			package = 785AE1882C2E878600677CA0 /* XCRemoteSwiftPackageReference "firebase-ios-sdk" */;
			productName = FirebaseFirestoreSwift;
		};
		785AE1A72C2E878600677CA0 /* FirebaseFunctions */ = {
			isa = XCSwiftPackageProductDependency;
			package = 785AE1882C2E878600677CA0 /* XCRemoteSwiftPackageReference "firebase-ios-sdk" */;
			productName = FirebaseFunctions;
		};
		785AE1A92C2E878600677CA0 /* FirebaseFunctionsCombine-Community */ = {
			isa = XCSwiftPackageProductDependency;
			package = 785AE1882C2E878600677CA0 /* XCRemoteSwiftPackageReference "firebase-ios-sdk" */;
			productName = "FirebaseFunctionsCombine-Community";
		};
		785AE1AB2C2E878600677CA0 /* FirebaseInAppMessaging-Beta */ = {
			isa = XCSwiftPackageProductDependency;
			package = 785AE1882C2E878600677CA0 /* XCRemoteSwiftPackageReference "firebase-ios-sdk" */;
			productName = "FirebaseInAppMessaging-Beta";
		};
		785AE1AD2C2E878600677CA0 /* FirebaseInAppMessagingSwift-Beta */ = {
			isa = XCSwiftPackageProductDependency;
			package = 785AE1882C2E878600677CA0 /* XCRemoteSwiftPackageReference "firebase-ios-sdk" */;
			productName = "FirebaseInAppMessagingSwift-Beta";
		};
		785AE1AF2C2E878600677CA0 /* FirebaseInstallations */ = {
			isa = XCSwiftPackageProductDependency;
			package = 785AE1882C2E878600677CA0 /* XCRemoteSwiftPackageReference "firebase-ios-sdk" */;
			productName = FirebaseInstallations;
		};
		785AE1B12C2E878600677CA0 /* FirebaseMLModelDownloader */ = {
			isa = XCSwiftPackageProductDependency;
			package = 785AE1882C2E878600677CA0 /* XCRemoteSwiftPackageReference "firebase-ios-sdk" */;
			productName = FirebaseMLModelDownloader;
		};
		785AE1B32C2E878600677CA0 /* FirebaseMessaging */ = {
			isa = XCSwiftPackageProductDependency;
			package = 785AE1882C2E878600677CA0 /* XCRemoteSwiftPackageReference "firebase-ios-sdk" */;
			productName = FirebaseMessaging;
		};
		785AE1B52C2E878600677CA0 /* FirebasePerformance */ = {
			isa = XCSwiftPackageProductDependency;
			package = 785AE1882C2E878600677CA0 /* XCRemoteSwiftPackageReference "firebase-ios-sdk" */;
			productName = FirebasePerformance;
		};
		785AE1B72C2E878600677CA0 /* FirebaseRemoteConfig */ = {
			isa = XCSwiftPackageProductDependency;
			package = 785AE1882C2E878600677CA0 /* XCRemoteSwiftPackageReference "firebase-ios-sdk" */;
			productName = FirebaseRemoteConfig;
		};
		785AE1B92C2E878600677CA0 /* FirebaseRemoteConfigSwift */ = {
			isa = XCSwiftPackageProductDependency;
			package = 785AE1882C2E878600677CA0 /* XCRemoteSwiftPackageReference "firebase-ios-sdk" */;
			productName = FirebaseRemoteConfigSwift;
		};
		785AE1BB2C2E878600677CA0 /* FirebaseStorage */ = {
			isa = XCSwiftPackageProductDependency;
			package = 785AE1882C2E878600677CA0 /* XCRemoteSwiftPackageReference "firebase-ios-sdk" */;
			productName = FirebaseStorage;
		};
		785AE1BD2C2E878600677CA0 /* FirebaseStorageCombine-Community */ = {
			isa = XCSwiftPackageProductDependency;
			package = 785AE1882C2E878600677CA0 /* XCRemoteSwiftPackageReference "firebase-ios-sdk" */;
			productName = "FirebaseStorageCombine-Community";
		};
		785AE1BF2C2E878600677CA0 /* FirebaseVertexAI-Preview */ = {
			isa = XCSwiftPackageProductDependency;
			package = 785AE1882C2E878600677CA0 /* XCRemoteSwiftPackageReference "firebase-ios-sdk" */;
			productName = "FirebaseVertexAI-Preview";
		};
/* End XCSwiftPackageProductDependency section */
	};
	rootObject = 78B928602C29402C006D9942 /* Project object */;
}
